
Microsoft Visual Studio Solution File, Format Version 12.00
# Visual Studio Version 17
VisualStudioVersion = 17.8.34322.80
MinimumVisualStudioVersion = 10.0.40219.1
Project("{FAE04EC0-301F-11D3-BF4B-00C04F79EFBC}") = "Lotto", "Lotto\Lotto.csproj", "{1640D117-EA17-453D-A4AA-C80F3482EF00}"
EndProject
Global
	GlobalSection(SolutionConfigurationPlatforms) = preSolution
		Debug|Any CPU = Debug|Any CPU
		Release|Any CPU = Release|Any CPU
	EndGlobalSection
	GlobalSection(ProjectConfigurationPlatforms) = postSolution
		{1640D117-EA17-453D-A4AA-C80F3482EF00}.Debug|Any CPU.ActiveCfg = Debug|Any CPU
		{1640D117-EA17-453D-A4AA-C80F3482EF00}.Debug|Any CPU.Build.0 = Debug|Any CPU
		{1640D117-EA17-453D-A4AA-C80F3482EF00}.Release|Any CPU.ActiveCfg = Release|Any CPU
		{1640D117-EA17-453D-A4AA-C80F3482EF00}.Release|Any CPU.Build.0 = Release|Any CPU
	EndGlobalSection
	GlobalSection(SolutionProperties) = preSolution
		HideSolutionNode = FALSE
	EndGlobalSection
	GlobalSection(ExtensibilityGlobals) = postSolution
		SolutionGuid = {555F9A67-38F2-429A-9338-ADD46288D400}
	EndGlobalSection
EndGlobal
